// !$*UTF8*$!
{
	archiveVersion = 1;
	classes = {
	};
	objectVersion = 56;
	objects = {

/* Begin PBXBuildFile section */
		CE2D27EC2A73E698005613F5 /* AppDelegate.swift in Sources */ = {isa = PBXBuildFile; fileRef = CE2D27EB2A73E698005613F5 /* AppDelegate.swift */; };
		CE2D27EE2A73E698005613F5 /* SceneDelegate.swift in Sources */ = {isa = PBXBuildFile; fileRef = CE2D27ED2A73E698005613F5 /* SceneDelegate.swift */; };
		CE2D27F32A73E698005613F5 /* Main.storyboard in Resources */ = {isa = PBXBuildFile; fileRef = CE2D27F12A73E698005613F5 /* Main.storyboard */; };
		CE2D27F52A73E698005613F5 /* Assets.xcassets in Resources */ = {isa = PBXBuildFile; fileRef = CE2D27F42A73E698005613F5 /* Assets.xcassets */; };
		CE2D27F82A73E698005613F5 /* LaunchScreen.storyboard in Resources */ = {isa = PBXBuildFile; fileRef = CE2D27F62A73E698005613F5 /* LaunchScreen.storyboard */; };
		CE2D28002A73E78B005613F5 /* TodosVC.swift in Sources */ = {isa = PBXBuildFile; fileRef = CE2D27FF2A73E78B005613F5 /* TodosVC.swift */; };
		CE2D28022A73F761005613F5 /* TodoCell.swift in Sources */ = {isa = PBXBuildFile; fileRef = CE2D28012A73F761005613F5 /* TodoCell.swift */; };
		CE2D28042A73F855005613F5 /* Todo.swift in Sources */ = {isa = PBXBuildFile; fileRef = CE2D28032A73F855005613F5 /* Todo.swift */; };
		CE2D28062A7410F8005613F5 /* TodoDetailsVC.swift in Sources */ = {isa = PBXBuildFile; fileRef = CE2D28052A7410F8005613F5 /* TodoDetailsVC.swift */; };
		CE303E292A79322300499586 /* TodoModel.xcdatamodeld in Sources */ = {isa = PBXBuildFile; fileRef = CE303E272A79322300499586 /* TodoModel.xcdatamodeld */; };
		CE3760852A7588A8002D0992 /* NewTodoAdd.swift in Sources */ = {isa = PBXBuildFile; fileRef = CE3760842A7588A8002D0992 /* NewTodoAdd.swift */; };
/* End PBXBuildFile section */

/* Begin PBXFileReference section */
		CE2D27E82A73E698005613F5 /* TODO LIST.app */ = {isa = PBXFileReference; explicitFileType = wrapper.application; includeInIndex = 0; path = "TODO LIST.app"; sourceTree = BUILT_PRODUCTS_DIR; };
		CE2D27EB2A73E698005613F5 /* AppDelegate.swift */ = {isa = PBXFileReference; lastKnownFileType = sourcecode.swift; path = AppDelegate.swift; sourceTree = "<group>"; };
		CE2D27ED2A73E698005613F5 /* SceneDelegate.swift */ = {isa = PBXFileReference; lastKnownFileType = sourcecode.swift; path = SceneDelegate.swift; sourceTree = "<group>"; };
		CE2D27F22A73E698005613F5 /* Base */ = {isa = PBXFileReference; lastKnownFileType = file.storyboard; name = Base; path = Base.lproj/Main.storyboard; sourceTree = "<group>"; };
		CE2D27F42A73E698005613F5 /* Assets.xcassets */ = {isa = PBXFileReference; lastKnownFileType = folder.assetcatalog; path = Assets.xcassets; sourceTree = "<group>"; };
		CE2D27F72A73E698005613F5 /* Base */ = {isa = PBXFileReference; lastKnownFileType = file.storyboard; name = Base; path = Base.lproj/LaunchScreen.storyboard; sourceTree = "<group>"; };
		CE2D27F92A73E698005613F5 /* Info.plist */ = {isa = PBXFileReference; lastKnownFileType = text.plist.xml; path = Info.plist; sourceTree = "<group>"; };
		CE2D27FF2A73E78B005613F5 /* TodosVC.swift */ = {isa = PBXFileReference; lastKnownFileType = sourcecode.swift; path = TodosVC.swift; sourceTree = "<group>"; };
		CE2D28012A73F761005613F5 /* TodoCell.swift */ = {isa = PBXFileReference; lastKnownFileType = sourcecode.swift; path = TodoCell.swift; sourceTree = "<group>"; };
		CE2D28032A73F855005613F5 /* Todo.swift */ = {isa = PBXFileReference; lastKnownFileType = sourcecode.swift; path = Todo.swift; sourceTree = "<group>"; };
		CE2D28052A7410F8005613F5 /* TodoDetailsVC.swift */ = {isa = PBXFileReference; lastKnownFileType = sourcecode.swift; path = TodoDetailsVC.swift; sourceTree = "<group>"; };
		CE303E282A79322300499586 /* TodoModel.xcdatamodel */ = {isa = PBXFileReference; lastKnownFileType = wrapper.xcdatamodel; path = TodoModel.xcdatamodel; sourceTree = "<group>"; };
		CE3760842A7588A8002D0992 /* NewTodoAdd.swift */ = {isa = PBXFileReference; lastKnownFileType = sourcecode.swift; path = NewTodoAdd.swift; sourceTree = "<group>"; };
/* End PBXFileReference section */

/* Begin PBXFrameworksBuildPhase section */
		CE2D27E52A73E698005613F5 /* Frameworks */ = {
			isa = PBXFrameworksBuildPhase;
			buildActionMask = 2147483647;
			files = (
			);
			runOnlyForDeploymentPostprocessing = 0;
		};
/* End PBXFrameworksBuildPhase section */

/* Begin PBXGroup section */
		CE2D27DF2A73E698005613F5 = {
			isa = PBXGroup;
			children = (
				CE2D27EA2A73E698005613F5 /* TODO LIST */,
				CE2D27E92A73E698005613F5 /* Products */,
			);
			sourceTree = "<group>";
		};
		CE2D27E92A73E698005613F5 /* Products */ = {
			isa = PBXGroup;
			children = (
				CE2D27E82A73E698005613F5 /* TODO LIST.app */,
			);
			name = Products;
			sourceTree = "<group>";
		};
		CE2D27EA2A73E698005613F5 /* TODO LIST */ = {
			isa = PBXGroup;
			children = (
				CE2D27EB2A73E698005613F5 /* AppDelegate.swift */,
				CE2D27ED2A73E698005613F5 /* SceneDelegate.swift */,
				CE2D27F12A73E698005613F5 /* Main.storyboard */,
				CE3760842A7588A8002D0992 /* NewTodoAdd.swift */,
				CE2D28052A7410F8005613F5 /* TodoDetailsVC.swift */,
				CE2D28032A73F855005613F5 /* Todo.swift */,
				CE2D28012A73F761005613F5 /* TodoCell.swift */,
				CE2D27FF2A73E78B005613F5 /* TodosVC.swift */,
				CE2D27F42A73E698005613F5 /* Assets.xcassets */,
				CE2D27F62A73E698005613F5 /* LaunchScreen.storyboard */,
				CE303E272A79322300499586 /* TodoModel.xcdatamodeld */,
				CE2D27F92A73E698005613F5 /* Info.plist */,
			);
			path = "TODO LIST";
			sourceTree = "<group>";
		};
/* End PBXGroup section */

/* Begin PBXNativeTarget section */
		CE2D27E72A73E698005613F5 /* TODO LIST */ = {
			isa = PBXNativeTarget;
			buildConfigurationList = CE2D27FC2A73E698005613F5 /* Build configuration list for PBXNativeTarget "TODO LIST" */;
			buildPhases = (
				CE2D27E42A73E698005613F5 /* Sources */,
				CE2D27E52A73E698005613F5 /* Frameworks */,
				CE2D27E62A73E698005613F5 /* Resources */,
			);
			buildRules = (
			);
			dependencies = (
			);
			name = "TODO LIST";
			productName = "TODO LIST";
			productReference = CE2D27E82A73E698005613F5 /* TODO LIST.app */;
			productType = "com.apple.product-type.application";
		};
/* End PBXNativeTarget section */

/* Begin PBXProject section */
		CE2D27E02A73E698005613F5 /* Project object */ = {
			isa = PBXProject;
			attributes = {
				BuildIndependentTargetsInParallel = 1;
				LastSwiftUpdateCheck = 1430;
				LastUpgradeCheck = 1430;
				TargetAttributes = {
					CE2D27E72A73E698005613F5 = {
						CreatedOnToolsVersion = 14.3.1;
					};
				};
			};
			buildConfigurationList = CE2D27E32A73E698005613F5 /* Build configuration list for PBXProject "TODO LIST" */;
			compatibilityVersion = "Xcode 14.0";
			developmentRegion = en;
			hasScannedForEncodings = 0;
			knownRegions = (
				en,
				Base,
			);
			mainGroup = CE2D27DF2A73E698005613F5;
			productRefGroup = CE2D27E92A73E698005613F5 /* Products */;
			projectDirPath = "";
			projectRoot = "";
			targets = (
				CE2D27E72A73E698005613F5 /* TODO LIST */,
			);
		};
/* End PBXProject section */

/* Begin PBXResourcesBuildPhase section */
		CE2D27E62A73E698005613F5 /* Resources */ = {
			isa = PBXResourcesBuildPhase;
			buildActionMask = 2147483647;
			files = (
				CE2D27F82A73E698005613F5 /* LaunchScreen.storyboard in Resources */,
				CE2D27F52A73E698005613F5 /* Assets.xcassets in Resources */,
				CE2D27F32A73E698005613F5 /* Main.storyboard in Resources */,
			);
			runOnlyForDeploymentPostprocessing = 0;
		};
/* End PBXResourcesBuildPhase section */

/* Begin PBXSourcesBuildPhase section */
		CE2D27E42A73E698005613F5 /* Sources */ = {
			isa = PBXSourcesBuildPhase;
			buildActionMask = 2147483647;
			files = (
				CE2D27EC2A73E698005613F5 /* AppDelegate.swift in Sources */,
				CE2D28062A7410F8005613F5 /* TodoDetailsVC.swift in Sources */,
				CE2D28002A73E78B005613F5 /* TodosVC.swift in Sources */,
				CE2D27EE2A73E698005613F5 /* SceneDelegate.swift in Sources */,
				CE3760852A7588A8002D0992 /* NewTodoAdd.swift in Sources */,
				CE303E292A79322300499586 /* TodoModel.xcdatamodeld in Sources */,
				CE2D28022A73F761005613F5 /* TodoCell.swift in Sources */,
				CE2D28042A73F855005613F5 /* Todo.swift in Sources */,
			);
			runOnlyForDeploymentPostprocessing = 0;
		};
/* End PBXSourcesBuildPhase section */

/* Begin PBXVariantGroup section */
		CE2D27F12A73E698005613F5 /* Main.storyboard */ = {
			isa = PBXVariantGroup;
			children = (
				CE2D27F22A73E698005613F5 /* Base */,
			);
			name = Main.storyboard;
			sourceTree = "<group>";
		};
		CE2D27F62A73E698005613F5 /* LaunchScreen.storyboard */ = {
			isa = PBXVariantGroup;
			children = (
				CE2D27F72A73E698005613F5 /* Base */,
			);
			name = LaunchScreen.storyboard;
			sourceTree = "<group>";
		};
/* End PBXVariantGroup section */

/* Begin XCBuildConfiguration section */
		CE2D27FA2A73E698005613F5 /* Debug */ = {
			isa = XCBuildConfiguration;
			buildSettings = {
				ALWAYS_SEARCH_USER_PATHS = NO;
				CLANG_ANALYZER_NONNULL = YES;
				CLANG_ANALYZER_NUMBER_OBJECT_CONVERSION = YES_AGGRESSIVE;
				CLANG_CXX_LANGUAGE_STANDARD = "gnu++20";
				CLANG_ENABLE_MODULES = YES;
				CLANG_ENABLE_OBJC_ARC = YES;
				CLANG_ENABLE_OBJC_WEAK = YES;
				CLANG_WARN_BLOCK_CAPTURE_AUTORELEASING = YES;
				CLANG_WARN_BOOL_CONVERSION = YES;
				CLANG_WARN_COMMA = YES;
				CLANG_WARN_CONSTANT_CONVERSION = YES;
				CLANG_WARN_DEPRECATED_OBJC_IMPLEMENTATIONS = YES;
				CLANG_WARN_DIRECT_OBJC_ISA_USAGE = YES_ERROR;
				CLANG_WARN_DOCUMENTATION_COMMENTS = YES;
				CLANG_WARN_EMPTY_BODY = YES;
				CLANG_WARN_ENUM_CONVERSION = YES;
				CLANG_WARN_INFINITE_RECURSION = YES;
				CLANG_WARN_INT_CONVERSION = YES;
				CLANG_WARN_NON_LITERAL_NULL_CONVERSION = YES;
				CLANG_WARN_OBJC_IMPLICIT_RETAIN_SELF = YES;
				CLANG_WARN_OBJC_LITERAL_CONVERSION = YES;
				CLANG_WARN_OBJC_ROOT_CLASS = YES_ERROR;
				CLANG_WARN_QUOTED_INCLUDE_IN_FRAMEWORK_HEADER = YES;
				CLANG_WARN_RANGE_LOOP_ANALYSIS = YES;
				CLANG_WARN_STRICT_PROTOTYPES = YES;
				CLANG_WARN_SUSPICIOUS_MOVE = YES;
				CLANG_WARN_UNGUARDED_AVAILABILITY = YES_AGGRESSIVE;
				CLANG_WARN_UNREACHABLE_CODE = YES;
				CLANG_WARN__DUPLICATE_METHOD_MATCH = YES;
				COPY_PHASE_STRIP = NO;
				DEBUG_INFORMATION_FORMAT = dwarf;
				ENABLE_STRICT_OBJC_MSGSEND = YES;
				ENABLE_TESTABILITY = YES;
				GCC_C_LANGUAGE_STANDARD = gnu11;
				GCC_DYNAMIC_NO_PIC = NO;
				GCC_NO_COMMON_BLOCKS = YES;
				GCC_OPTIMIZATION_LEVEL = 0;
				GCC_PREPROCESSOR_DEFINITIONS = (
					"DEBUG=1",
					"$(inherited)",
				);
				GCC_WARN_64_TO_32_BIT_CONVERSION = YES;
				GCC_WARN_ABOUT_RETURN_TYPE = YES_ERROR;
				GCC_WARN_UNDECLARED_SELECTOR = YES;
				GCC_WARN_UNINITIALIZED_AUTOS = YES_AGGRESSIVE;
				GCC_WARN_UNUSED_FUNCTION = YES;
				GCC_WARN_UNUSED_VARIABLE = YES;
				IPHONEOS_DEPLOYMENT_TARGET = 16.4;
				MTL_ENABLE_DEBUG_INFO = INCLUDE_SOURCE;
				MTL_FAST_MATH = YES;
				ONLY_ACTIVE_ARCH = YES;
				SDKROOT = iphoneos;
				SWIFT_ACTIVE_COMPILATION_CONDITIONS = DEBUG;
				SWIFT_OPTIMIZATION_LEVEL = "-Onone";
			};
			name = Debug;
		};
		CE2D27FB2A73E698005613F5 /* Release */ = {
			isa = XCBuildConfiguration;
			buildSettings = {
				ALWAYS_SEARCH_USER_PATHS = NO;
				CLANG_ANALYZER_NONNULL = YES;
				CLANG_ANALYZER_NUMBER_OBJECT_CONVERSION = YES_AGGRESSIVE;
				CLANG_CXX_LANGUAGE_STANDARD = "gnu++20";
				CLANG_ENABLE_MODULES = YES;
				CLANG_ENABLE_OBJC_ARC = YES;
				CLANG_ENABLE_OBJC_WEAK = YES;
				CLANG_WARN_BLOCK_CAPTURE_AUTORELEASING = YES;
				CLANG_WARN_BOOL_CONVERSION = YES;
				CLANG_WARN_COMMA = YES;
				CLANG_WARN_CONSTANT_CONVERSION = YES;
				CLANG_WARN_DEPRECATED_OBJC_IMPLEMENTATIONS = YES;
				CLANG_WARN_DIRECT_OBJC_ISA_USAGE = YES_ERROR;
				CLANG_WARN_DOCUMENTATION_COMMENTS = YES;
				CLANG_WARN_EMPTY_BODY = YES;
				CLANG_WARN_ENUM_CONVERSION = YES;
				CLANG_WARN_INFINITE_RECURSION = YES;
				CLANG_WARN_INT_CONVERSION = YES;
				CLANG_WARN_NON_LITERAL_NULL_CONVERSION = YES;
				CLANG_WARN_OBJC_IMPLICIT_RETAIN_SELF = YES;
				CLANG_WARN_OBJC_LITERAL_CONVERSION = YES;
				CLANG_WARN_OBJC_ROOT_CLASS = YES_ERROR;
				CLANG_WARN_QUOTED_INCLUDE_IN_FRAMEWORK_HEADER = YES;
				CLANG_WARN_RANGE_LOOP_ANALYSIS = YES;
				CLANG_WARN_STRICT_PROTOTYPES = YES;
				CLANG_WARN_SUSPICIOUS_MOVE = YES;
				CLANG_WARN_UNGUARDED_AVAILABILITY = YES_AGGRESSIVE;
				CLANG_WARN_UNREACHABLE_CODE = YES;
				CLANG_WARN__DUPLICATE_METHOD_MATCH = YES;
				COPY_PHASE_STRIP = NO;
				DEBUG_INFORMATION_FORMAT = "dwarf-with-dsym";
				ENABLE_NS_ASSERTIONS = NO;
				ENABLE_STRICT_OBJC_MSGSEND = YES;
				GCC_C_LANGUAGE_STANDARD = gnu11;
				GCC_NO_COMMON_BLOCKS = YES;
				GCC_WARN_64_TO_32_BIT_CONVERSION = YES;
				GCC_WARN_ABOUT_RETURN_TYPE = YES_ERROR;
				GCC_WARN_UNDECLARED_SELECTOR = YES;
				GCC_WARN_UNINITIALIZED_AUTOS = YES_AGGRESSIVE;
				GCC_WARN_UNUSED_FUNCTION = YES;
				GCC_WARN_UNUSED_VARIABLE = YES;
				IPHONEOS_DEPLOYMENT_TARGET = 16.4;
				MTL_ENABLE_DEBUG_INFO = NO;
				MTL_FAST_MATH = YES;
				SDKROOT = iphoneos;
				SWIFT_COMPILATION_MODE = wholemodule;
				SWIFT_OPTIMIZATION_LEVEL = "-O";
				VALIDATE_PRODUCT = YES;
			};
			name = Release;
		};
		CE2D27FD2A73E698005613F5 /* Debug */ = {
			isa = XCBuildConfiguration;
			buildSettings = {
				ASSETCATALOG_COMPILER_APPICON_NAME = AppIcon;
				ASSETCATALOG_COMPILER_GLOBAL_ACCENT_COLOR_NAME = AccentColor;
				CODE_SIGN_STYLE = Automatic;
				CURRENT_PROJECT_VERSION = 1;
				GENERATE_INFOPLIST_FILE = YES;
				INFOPLIST_FILE = "TODO LIST/Info.plist";
				INFOPLIST_KEY_UIApplicationSupportsIndirectInputEvents = YES;
				INFOPLIST_KEY_UILaunchStoryboardName = LaunchScreen;
				INFOPLIST_KEY_UIMainStoryboardFile = Main;
				INFOPLIST_KEY_UISupportedInterfaceOrientations_iPad = "UIInterfaceOrientationPortrait UIInterfaceOrientationPortraitUpsideDown UIInterfaceOrientationLandscapeLeft UIInterfaceOrientationLandscapeRight";
				INFOPLIST_KEY_UISupportedInterfaceOrientations_iPhone = "UIInterfaceOrientationPortrait UIInterfaceOrientationLandscapeLeft UIInterfaceOrientationLandscapeRight";
				LD_RUNPATH_SEARCH_PATHS = (
					"$(inherited)",
					"@executable_path/Frameworks",
				);
				MARKETING_VERSION = 1.0;
				PRODUCT_BUNDLE_IDENTIFIER = "Mohamed.TODO-LIST";
				PRODUCT_NAME = "$(TARGET_NAME)";
				SWIFT_EMIT_LOC_STRINGS = YES;
				SWIFT_VERSION = 5.0;
				TARGETED_DEVICE_FAMILY = "1,2";
			};
			name = Debug;
		};
		CE2D27FE2A73E698005613F5 /* Release */ = {
			isa = XCBuildConfiguration;
			buildSettings = {
				ASSETCATALOG_COMPILER_APPICON_NAME = AppIcon;
				ASSETCATALOG_COMPILER_GLOBAL_ACCENT_COLOR_NAME = AccentColor;
				CODE_SIGN_STYLE = Automatic;
				CURRENT_PROJECT_VERSION = 1;
				GENERATE_INFOPLIST_FILE = YES;
				INFOPLIST_FILE = "TODO LIST/Info.plist";
				INFOPLIST_KEY_UIApplicationSupportsIndirectInputEvents = YES;
				INFOPLIST_KEY_UILaunchStoryboardName = LaunchScreen;
				INFOPLIST_KEY_UIMainStoryboardFile = Main;
				INFOPLIST_KEY_UISupportedInterfaceOrientations_iPad = "UIInterfaceOrientationPortrait UIInterfaceOrientationPortraitUpsideDown UIInterfaceOrientationLandscapeLeft UIInterfaceOrientationLandscapeRight";
				INFOPLIST_KEY_UISupportedInterfaceOrientations_iPhone = "UIInterfaceOrientationPortrait UIInterfaceOrientationLandscapeLeft UIInterfaceOrientationLandscapeRight";
				LD_RUNPATH_SEARCH_PATHS = (
					"$(inherited)",
					"@executable_path/Frameworks",
				);
				MARKETING_VERSION = 1.0;
				PRODUCT_BUNDLE_IDENTIFIER = "Mohamed.TODO-LIST";
				PRODUCT_NAME = "$(TARGET_NAME)";
				SWIFT_EMIT_LOC_STRINGS = YES;
				SWIFT_VERSION = 5.0;
				TARGETED_DEVICE_FAMILY = "1,2";
			};
			name = Release;
		};
/* End XCBuildConfiguration section */

/* Begin XCConfigurationList section */
		CE2D27E32A73E698005613F5 /* Build configuration list for PBXProject "TODO LIST" */ = {
			isa = XCConfigurationList;
			buildConfigurations = (
				CE2D27FA2A73E698005613F5 /* Debug */,
				CE2D27FB2A73E698005613F5 /* Release */,
			);
			defaultConfigurationIsVisible = 0;
			defaultConfigurationName = Release;
		};
		CE2D27FC2A73E698005613F5 /* Build configuration list for PBXNativeTarget "TODO LIST" */ = {
			isa = XCConfigurationList;
			buildConfigurations = (
				CE2D27FD2A73E698005613F5 /* Debug */,
				CE2D27FE2A73E698005613F5 /* Release */,
			);
			defaultConfigurationIsVisible = 0;
			defaultConfigurationName = Release;
		};
/* End XCConfigurationList section */

/* Begin XCVersionGroup section */
		CE303E272A79322300499586 /* TodoModel.xcdatamodeld */ = {
			isa = XCVersionGroup;
			children = (
				CE303E282A79322300499586 /* TodoModel.xcdatamodel */,
			);
			currentVersion = CE303E282A79322300499586 /* TodoModel.xcdatamodel */;
			path = TodoModel.xcdatamodeld;
			sourceTree = "<group>";
			versionGroupType = wrapper.xcdatamodel;
		};
/* End XCVersionGroup section */
	};
	rootObject = CE2D27E02A73E698005613F5 /* Project object */;
}
